
Microsoft Visual Studio Solution File, Format Version 12.00
# Visual Studio 15
Project("{FAE04EC0-301F-11D3-BF4B-00C04F79EFBC}") = "SchoolTest2", "SchoolTest2.csproj", "{2B1A5A25-5F4B-4E78-8F54-D6F20A5D94FC}"
EndProject
Global
	GlobalSection(SolutionConfigurationPlatforms) = preSolution
		Debug|Any CPU = Debug|Any CPU
		Release|Any CPU = Release|Any CPU
	EndGlobalSection
	GlobalSection(ProjectConfigurationPlatforms) = postSolution
		{2B1A5A25-5F4B-4E78-8F54-D6F20A5D94FC}.Debug|Any CPU.ActiveCfg = Debug|Any CPU
		{2B1A5A25-5F4B-4E78-8F54-D6F20A5D94FC}.Debug|Any CPU.Build.0 = Debug|Any CPU
		{2B1A5A25-5F4B-4E78-8F54-D6F20A5D94FC}.Release|Any CPU.ActiveCfg = Release|Any CPU
		{2B1A5A25-5F4B-4E78-8F54-D6F20A5D94FC}.Release|Any CPU.Build.0 = Release|Any CPU
	EndGlobalSection
EndGlobal
